Microsoft Visual Studio Solution File, Format Version 12.00
# Visual Studio Version 17
VisualStudioVersion = 17.5.2.0
MinimumVisualStudioVersion = 10.0.40219.1
Project("{2150E333-8FDC-42A3-9474-1A3956D46DE8}") = "apps", "apps", "{1787FE1D-075E-9E68-7218-25F1BD1BBEAB}"
EndProject
Project("{2150E333-8FDC-42A3-9474-1A3956D46DE8}") = "warmhouse-api", "warmhouse-api", "{0B1B5AFD-4AB8-88CA-41BF-F32AA76416E9}"
EndProject
Project("{FAE04EC0-301F-11D3-BF4B-00C04F79EFBC}") = "DeviceApi", "apps\warmhouse-api\DeviceApi\DeviceApi.csproj", "{93D88322-C1BA-3612-750C-E77057154198}"
EndProject
Global
	GlobalSection(SolutionConfigurationPlatforms) = preSolution
		Debug|Any CPU = Debug|Any CPU
		Release|Any CPU = Release|Any CPU
	EndGlobalSection
	GlobalSection(ProjectConfigurationPlatforms) = postSolution
		{93D88322-C1BA-3612-750C-E77057154198}.Debug|Any CPU.ActiveCfg = Debug|Any CPU
		{93D88322-C1BA-3612-750C-E77057154198}.Debug|Any CPU.Build.0 = Debug|Any CPU
		{93D88322-C1BA-3612-750C-E77057154198}.Release|Any CPU.ActiveCfg = Release|Any CPU
		{93D88322-C1BA-3612-750C-E77057154198}.Release|Any CPU.Build.0 = Release|Any CPU
	EndGlobalSection
	GlobalSection(SolutionProperties) = preSolution
		HideSolutionNode = FALSE
	EndGlobalSection
	GlobalSection(NestedProjects) = preSolution
		{0B1B5AFD-4AB8-88CA-41BF-F32AA76416E9} = {1787FE1D-075E-9E68-7218-25F1BD1BBEAB}
		{93D88322-C1BA-3612-750C-E77057154198} = {0B1B5AFD-4AB8-88CA-41BF-F32AA76416E9}
	EndGlobalSection
	GlobalSection(ExtensibilityGlobals) = postSolution
		SolutionGuid = {7C92FC14-ABA6-4C27-8711-A24A91F0122F}
	EndGlobalSection
EndGlobal
